// !$*UTF8*$!
{
	archiveVersion = 1;
	classes = {
	};
	objectVersion = 51;
	objects = {

/* Begin PBXBuildFile section */
		3A91246B0770DBD47A83B1A4 /* Pods_KingdomPursuit.framework in Frameworks */ = {isa = PBXBuildFile; fileRef = 59E4E78BD42C9A8F49DCCDF8 /* Pods_KingdomPursuit.framework */; };
		4432183AF7C80BB274072E9F /* Pods_KingdomPursuit_KingdomPursuitUITests.framework in Frameworks */ = {isa = PBXBuildFile; fileRef = B19727AA7520EE6A9FF5E958 /* Pods_KingdomPursuit_KingdomPursuitUITests.framework */; };
		AE494C8E25BB77C400D92D10 /* GoogleService-Info.plist in Resources */ = {isa = PBXBuildFile; fileRef = AE494C8D25BB77C400D92D10 /* GoogleService-Info.plist */; };
		AE494C9425C2107000D92D10 /* TableViewCell.swift in Sources */ = {isa = PBXBuildFile; fileRef = AE494C9225C2107000D92D10 /* TableViewCell.swift */; };
		AE494C9525C2107000D92D10 /* TableViewCell.xib in Resources */ = {isa = PBXBuildFile; fileRef = AE494C9325C2107000D92D10 /* TableViewCell.xib */; };
		AE494CA825F0331700D92D10 /* ScheduleSlide.swift in Sources */ = {isa = PBXBuildFile; fileRef = AE494CA725F0331700D92D10 /* ScheduleSlide.swift */; };
		AE494CAD25F0347F00D92D10 /* ScheduleSlide.xib in Resources */ = {isa = PBXBuildFile; fileRef = AE494CAC25F0347F00D92D10 /* ScheduleSlide.xib */; };
		AE494CC72604F46300D92D10 /* BreakoutSlide.swift in Sources */ = {isa = PBXBuildFile; fileRef = AE494CC62604F46100D92D10 /* BreakoutSlide.swift */; };
		AE494CCC2604F49300D92D10 /* BreakoutSlide.xib in Resources */ = {isa = PBXBuildFile; fileRef = AE494CCB2604F49300D92D10 /* BreakoutSlide.xib */; };
		AE494CD1260E31F900D92D10 /* BreakoutSpeakersView.swift in Sources */ = {isa = PBXBuildFile; fileRef = AE494CD0260E31F800D92D10 /* BreakoutSpeakersView.swift */; };
		B8E836C05EC554A3A7D9F507 /* Pods_KingdomPursuitTests.framework in Frameworks */ = {isa = PBXBuildFile; fileRef = 709D7BAE43711B13E4820293 /* Pods_KingdomPursuitTests.framework */; };
		D662922125B8AB170049DAEE /* HomeView.swift in Sources */ = {isa = PBXBuildFile; fileRef = D662922025B8AB170049DAEE /* HomeView.swift */; };
		D662922625B8AB880049DAEE /* ScheduleView.swift in Sources */ = {isa = PBXBuildFile; fileRef = D662922525B8AB880049DAEE /* ScheduleView.swift */; };
		D662923125B8B1130049DAEE /* SpeakersView.swift in Sources */ = {isa = PBXBuildFile; fileRef = D662923025B8B1130049DAEE /* SpeakersView.swift */; };
		D662923925B8B29A0049DAEE /* WorshipView.swift in Sources */ = {isa = PBXBuildFile; fileRef = D662923825B8B29A0049DAEE /* WorshipView.swift */; };
		D662923E25B8B32C0049DAEE /* BreakoutsView.swift in Sources */ = {isa = PBXBuildFile; fileRef = D662923D25B8B32C0049DAEE /* BreakoutsView.swift */; };
		D6746B0F258AAE7800F155AB /* AppDelegate.swift in Sources */ = {isa = PBXBuildFile; fileRef = D6746B0E258AAE7800F155AB /* AppDelegate.swift */; };
		D6746B11258AAE7800F155AB /* SceneDelegate.swift in Sources */ = {isa = PBXBuildFile; fileRef = D6746B10258AAE7800F155AB /* SceneDelegate.swift */; };
		D6746B13258AAE7800F155AB /* ViewController.swift in Sources */ = {isa = PBXBuildFile; fileRef = D6746B12258AAE7800F155AB /* ViewController.swift */; };
		D6746B16258AAE7800F155AB /* Main.storyboard in Resources */ = {isa = PBXBuildFile; fileRef = D6746B14258AAE7800F155AB /* Main.storyboard */; };
		D6746B18258AAE9300F155AB /* Assets.xcassets in Resources */ = {isa = PBXBuildFile; fileRef = D6746B17258AAE9300F155AB /* Assets.xcassets */; };
		D6746B1B258AAE9300F155AB /* LaunchScreen.storyboard in Resources */ = {isa = PBXBuildFile; fileRef = D6746B19258AAE9300F155AB /* LaunchScreen.storyboard */; };
		D6746B26258AAE9400F155AB /* KingdomPursuitTests.swift in Sources */ = {isa = PBXBuildFile; fileRef = D6746B25258AAE9400F155AB /* KingdomPursuitTests.swift */; };
		D6746B31258AAE9400F155AB /* KingdomPursuitUITests.swift in Sources */ = {isa = PBXBuildFile; fileRef = D6746B30258AAE9400F155AB /* KingdomPursuitUITests.swift */; };
		D6F3F6A2259FE261008A42A3 /* MyCollectionViewCell.swift in Sources */ = {isa = PBXBuildFile; fileRef = D6F3F6A0259FE261008A42A3 /* MyCollectionViewCell.swift */; };
		D6F3F6A3259FE261008A42A3 /* MyCollectionViewCell.xib in Resources */ = {isa = PBXBuildFile; fileRef = D6F3F6A1259FE261008A42A3 /* MyCollectionViewCell.xib */; };
		D6F3F6CA25A7ABE4008A42A3 /* PeopleViewController.swift in Sources */ = {isa = PBXBuildFile; fileRef = D6F3F6C925A7ABE4008A42A3 /* PeopleViewController.swift */; };
/* End PBXBuildFile section */

/* Begin PBXContainerItemProxy section */
		D6746B22258AAE9400F155AB /* PBXContainerItemProxy */ = {
			isa = PBXContainerItemProxy;
			containerPortal = D6746B03258AAE7700F155AB /* Project object */;
			proxyType = 1;
			remoteGlobalIDString = D6746B0A258AAE7800F155AB;
			remoteInfo = KingdomPursuit;
		};
		D6746B2D258AAE9400F155AB /* PBXContainerItemProxy */ = {
			isa = PBXContainerItemProxy;
			containerPortal = D6746B03258AAE7700F155AB /* Project object */;
			proxyType = 1;
			remoteGlobalIDString = D6746B0A258AAE7800F155AB;
			remoteInfo = KingdomPursuit;
		};
/* End PBXContainerItemProxy section */

/* Begin PBXFileReference section */
		0F6A19315B3831F0A94C5238 /* Pods-KingdomPursuitTests.release.xcconfig */ = {isa = PBXFileReference; includeInIndex = 1; lastKnownFileType = text.xcconfig; name = "Pods-KingdomPursuitTests.release.xcconfig"; path = "Target Support Files/Pods-KingdomPursuitTests/Pods-KingdomPursuitTests.release.xcconfig"; sourceTree = "<group>"; };
		103159B1F4BC1DF5938DA8C7 /* Pods-KingdomPursuit-KingdomPursuitUITests.debug.xcconfig */ = {isa = PBXFileReference; includeInIndex = 1; lastKnownFileType = text.xcconfig; name = "Pods-KingdomPursuit-KingdomPursuitUITests.debug.xcconfig"; path = "Target Support Files/Pods-KingdomPursuit-KingdomPursuitUITests/Pods-KingdomPursuit-KingdomPursuitUITests.debug.xcconfig"; sourceTree = "<group>"; };
		199A2A84BE5B2A68B61B67BC /* Pods-KingdomPursuitTests.debug.xcconfig */ = {isa = PBXFileReference; includeInIndex = 1; lastKnownFileType = text.xcconfig; name = "Pods-KingdomPursuitTests.debug.xcconfig"; path = "Target Support Files/Pods-KingdomPursuitTests/Pods-KingdomPursuitTests.debug.xcconfig"; sourceTree = "<group>"; };
		2E029C57ED13C1E1D2FB1F5A /* Pods-KingdomPursuit.release.xcconfig */ = {isa = PBXFileReference; includeInIndex = 1; lastKnownFileType = text.xcconfig; name = "Pods-KingdomPursuit.release.xcconfig"; path = "Target Support Files/Pods-KingdomPursuit/Pods-KingdomPursuit.release.xcconfig"; sourceTree = "<group>"; };
		4F70C37B3DAF2B0FEC5A20C0 /* Pods-KingdomPursuit.debug.xcconfig */ = {isa = PBXFileReference; includeInIndex = 1; lastKnownFileType = text.xcconfig; name = "Pods-KingdomPursuit.debug.xcconfig"; path = "Target Support Files/Pods-KingdomPursuit/Pods-KingdomPursuit.debug.xcconfig"; sourceTree = "<group>"; };
		59E4E78BD42C9A8F49DCCDF8 /* Pods_KingdomPursuit.framework */ = {isa = PBXFileReference; explicitFileType = wrapper.framework; includeInIndex = 0; path = Pods_KingdomPursuit.framework; sourceTree = BUILT_PRODUCTS_DIR; };
		709D7BAE43711B13E4820293 /* Pods_KingdomPursuitTests.framework */ = {isa = PBXFileReference; explicitFileType = wrapper.framework; includeInIndex = 0; path = Pods_KingdomPursuitTests.framework; sourceTree = BUILT_PRODUCTS_DIR; };
		AE494C8D25BB77C400D92D10 /* GoogleService-Info.plist */ = {isa = PBXFileReference; lastKnownFileType = text.plist; path = "GoogleService-Info.plist"; sourceTree = SOURCE_ROOT; };
		AE494C9225C2107000D92D10 /* TableViewCell.swift */ = {isa = PBXFileReference; lastKnownFileType = sourcecode.swift; path = TableViewCell.swift; sourceTree = "<group>"; };
		AE494C9325C2107000D92D10 /* TableViewCell.xib */ = {isa = PBXFileReference; lastKnownFileType = file.xib; path = TableViewCell.xib; sourceTree = "<group>"; };
		AE494CA725F0331700D92D10 /* ScheduleSlide.swift */ = {isa = PBXFileReference; lastKnownFileType = sourcecode.swift; path = ScheduleSlide.swift; sourceTree = "<group>"; };
		AE494CAC25F0347F00D92D10 /* ScheduleSlide.xib */ = {isa = PBXFileReference; lastKnownFileType = file.xib; path = ScheduleSlide.xib; sourceTree = "<group>"; };
		AE494CC62604F46100D92D10 /* BreakoutSlide.swift */ = {isa = PBXFileReference; lastKnownFileType = sourcecode.swift; path = BreakoutSlide.swift; sourceTree = "<group>"; };
		AE494CCB2604F49300D92D10 /* BreakoutSlide.xib */ = {isa = PBXFileReference; lastKnownFileType = file.xib; path = BreakoutSlide.xib; sourceTree = "<group>"; };
		AE494CD0260E31F800D92D10 /* BreakoutSpeakersView.swift */ = {isa = PBXFileReference; lastKnownFileType = sourcecode.swift; path = BreakoutSpeakersView.swift; sourceTree = "<group>"; };
		B19727AA7520EE6A9FF5E958 /* Pods_KingdomPursuit_KingdomPursuitUITests.framework */ = {isa = PBXFileReference; explicitFileType = wrapper.framework; includeInIndex = 0; path = Pods_KingdomPursuit_KingdomPursuitUITests.framework; sourceTree = BUILT_PRODUCTS_DIR; };
		D662922025B8AB170049DAEE /* HomeView.swift */ = {isa = PBXFileReference; lastKnownFileType = sourcecode.swift; path = HomeView.swift; sourceTree = "<group>"; };
		D662922525B8AB880049DAEE /* ScheduleView.swift */ = {isa = PBXFileReference; lastKnownFileType = sourcecode.swift; path = ScheduleView.swift; sourceTree = "<group>"; };
		D662923025B8B1130049DAEE /* SpeakersView.swift */ = {isa = PBXFileReference; lastKnownFileType = sourcecode.swift; path = SpeakersView.swift; sourceTree = "<group>"; };
		D662923825B8B29A0049DAEE /* WorshipView.swift */ = {isa = PBXFileReference; lastKnownFileType = sourcecode.swift; path = WorshipView.swift; sourceTree = "<group>"; };
		D662923D25B8B32C0049DAEE /* BreakoutsView.swift */ = {isa = PBXFileReference; lastKnownFileType = sourcecode.swift; path = BreakoutsView.swift; sourceTree = "<group>"; };
		D6746B0B258AAE7800F155AB /* KingdomPursuit.app */ = {isa = PBXFileReference; explicitFileType = wrapper.application; includeInIndex = 0; path = KingdomPursuit.app; sourceTree = BUILT_PRODUCTS_DIR; };
		D6746B0E258AAE7800F155AB /* AppDelegate.swift */ = {isa = PBXFileReference; lastKnownFileType = sourcecode.swift; path = AppDelegate.swift; sourceTree = "<group>"; };
		D6746B10258AAE7800F155AB /* SceneDelegate.swift */ = {isa = PBXFileReference; lastKnownFileType = sourcecode.swift; path = SceneDelegate.swift; sourceTree = "<group>"; };
		D6746B12258AAE7800F155AB /* ViewController.swift */ = {isa = PBXFileReference; lastKnownFileType = sourcecode.swift; path = ViewController.swift; sourceTree = "<group>"; };
		D6746B15258AAE7800F155AB /* Base */ = {isa = PBXFileReference; lastKnownFileType = file.storyboard; name = Base; path = Base.lproj/Main.storyboard; sourceTree = "<group>"; };
		D6746B17258AAE9300F155AB /* Assets.xcassets */ = {isa = PBXFileReference; lastKnownFileType = folder.assetcatalog; path = Assets.xcassets; sourceTree = "<group>"; };
		D6746B1A258AAE9300F155AB /* Base */ = {isa = PBXFileReference; lastKnownFileType = file.storyboard; name = Base; path = Base.lproj/LaunchScreen.storyboard; sourceTree = "<group>"; };
		D6746B1C258AAE9300F155AB /* Info.plist */ = {isa = PBXFileReference; lastKnownFileType = text.plist.xml; path = Info.plist; sourceTree = "<group>"; };
		D6746B21258AAE9400F155AB /* KingdomPursuitTests.xctest */ = {isa = PBXFileReference; explicitFileType = wrapper.cfbundle; includeInIndex = 0; path = KingdomPursuitTests.xctest; sourceTree = BUILT_PRODUCTS_DIR; };
		D6746B25258AAE9400F155AB /* KingdomPursuitTests.swift */ = {isa = PBXFileReference; lastKnownFileType = sourcecode.swift; path = KingdomPursuitTests.swift; sourceTree = "<group>"; };
		D6746B27258AAE9400F155AB /* Info.plist */ = {isa = PBXFileReference; lastKnownFileType = text.plist.xml; path = Info.plist; sourceTree = "<group>"; };
		D6746B2C258AAE9400F155AB /* KingdomPursuitUITests.xctest */ = {isa = PBXFileReference; explicitFileType = wrapper.cfbundle; includeInIndex = 0; path = KingdomPursuitUITests.xctest; sourceTree = BUILT_PRODUCTS_DIR; };
		D6746B30258AAE9400F155AB /* KingdomPursuitUITests.swift */ = {isa = PBXFileReference; lastKnownFileType = sourcecode.swift; path = KingdomPursuitUITests.swift; sourceTree = "<group>"; };
		D6746B32258AAE9400F155AB /* Info.plist */ = {isa = PBXFileReference; lastKnownFileType = text.plist.xml; path = Info.plist; sourceTree = "<group>"; };
		D6F3F6A0259FE261008A42A3 /* MyCollectionViewCell.swift */ = {isa = PBXFileReference; lastKnownFileType = sourcecode.swift; path = MyCollectionViewCell.swift; sourceTree = "<group>"; };
		D6F3F6A1259FE261008A42A3 /* MyCollectionViewCell.xib */ = {isa = PBXFileReference; lastKnownFileType = file.xib; path = MyCollectionViewCell.xib; sourceTree = "<group>"; };
		D6F3F6C925A7ABE4008A42A3 /* PeopleViewController.swift */ = {isa = PBXFileReference; lastKnownFileType = sourcecode.swift; path = PeopleViewController.swift; sourceTree = "<group>"; };
		EB1F9A7AB272FD9CF29DD3AA /* Pods-KingdomPursuit-KingdomPursuitUITests.release.xcconfig */ = {isa = PBXFileReference; includeInIndex = 1; lastKnownFileType = text.xcconfig; name = "Pods-KingdomPursuit-KingdomPursuitUITests.release.xcconfig"; path = "Target Support Files/Pods-KingdomPursuit-KingdomPursuitUITests/Pods-KingdomPursuit-KingdomPursuitUITests.release.xcconfig"; sourceTree = "<group>"; };
/* End PBXFileReference section */

/* Begin PBXFrameworksBuildPhase section */
		D6746B08258AAE7800F155AB /* Frameworks */ = {
			isa = PBXFrameworksBuildPhase;
			buildActionMask = 2147483647;
			files = (
				3A91246B0770DBD47A83B1A4 /* Pods_KingdomPursuit.framework in Frameworks */,
			);
			runOnlyForDeploymentPostprocessing = 0;
		};
		D6746B1E258AAE9400F155AB /* Frameworks */ = {
			isa = PBXFrameworksBuildPhase;
			buildActionMask = 2147483647;
			files = (
				B8E836C05EC554A3A7D9F507 /* Pods_KingdomPursuitTests.framework in Frameworks */,
			);
			runOnlyForDeploymentPostprocessing = 0;
		};
		D6746B29258AAE9400F155AB /* Frameworks */ = {
			isa = PBXFrameworksBuildPhase;
			buildActionMask = 2147483647;
			files = (
				4432183AF7C80BB274072E9F /* Pods_KingdomPursuit_KingdomPursuitUITests.framework in Frameworks */,
			);
			runOnlyForDeploymentPostprocessing = 0;
		};
/* End PBXFrameworksBuildPhase section */

/* Begin PBXGroup section */
		7174C89216D74F181A5A2261 /* Frameworks */ = {
			isa = PBXGroup;
			children = (
				59E4E78BD42C9A8F49DCCDF8 /* Pods_KingdomPursuit.framework */,
				B19727AA7520EE6A9FF5E958 /* Pods_KingdomPursuit_KingdomPursuitUITests.framework */,
				709D7BAE43711B13E4820293 /* Pods_KingdomPursuitTests.framework */,
			);
			name = Frameworks;
			sourceTree = "<group>";
		};
		BF930D0B27CC9CE01B04A6FF /* Pods */ = {
			isa = PBXGroup;
			children = (
				4F70C37B3DAF2B0FEC5A20C0 /* Pods-KingdomPursuit.debug.xcconfig */,
				2E029C57ED13C1E1D2FB1F5A /* Pods-KingdomPursuit.release.xcconfig */,
				103159B1F4BC1DF5938DA8C7 /* Pods-KingdomPursuit-KingdomPursuitUITests.debug.xcconfig */,
				EB1F9A7AB272FD9CF29DD3AA /* Pods-KingdomPursuit-KingdomPursuitUITests.release.xcconfig */,
				199A2A84BE5B2A68B61B67BC /* Pods-KingdomPursuitTests.debug.xcconfig */,
				0F6A19315B3831F0A94C5238 /* Pods-KingdomPursuitTests.release.xcconfig */,
			);
			path = Pods;
			sourceTree = "<group>";
		};
		D6746B02258AAE7700F155AB = {
			isa = PBXGroup;
			children = (
				D6746B0D258AAE7800F155AB /* KingdomPursuit */,
				D6746B24258AAE9400F155AB /* KingdomPursuitTests */,
				D6746B2F258AAE9400F155AB /* KingdomPursuitUITests */,
				D6746B0C258AAE7800F155AB /* Products */,
				BF930D0B27CC9CE01B04A6FF /* Pods */,
				7174C89216D74F181A5A2261 /* Frameworks */,
			);
			sourceTree = "<group>";
		};
		D6746B0C258AAE7800F155AB /* Products */ = {
			isa = PBXGroup;
			children = (
				D6746B0B258AAE7800F155AB /* KingdomPursuit.app */,
				D6746B21258AAE9400F155AB /* KingdomPursuitTests.xctest */,
				D6746B2C258AAE9400F155AB /* KingdomPursuitUITests.xctest */,
			);
			name = Products;
			sourceTree = "<group>";
		};
		D6746B0D258AAE7800F155AB /* KingdomPursuit */ = {
			isa = PBXGroup;
			children = (
				D6746B0E258AAE7800F155AB /* AppDelegate.swift */,
				D6746B10258AAE7800F155AB /* SceneDelegate.swift */,
				D6746B12258AAE7800F155AB /* ViewController.swift */,
				D662922025B8AB170049DAEE /* HomeView.swift */,
				D662923025B8B1130049DAEE /* SpeakersView.swift */,
				D662923825B8B29A0049DAEE /* WorshipView.swift */,
				AE494CA725F0331700D92D10 /* ScheduleSlide.swift */,
				AE494CAC25F0347F00D92D10 /* ScheduleSlide.xib */,
				D662922525B8AB880049DAEE /* ScheduleView.swift */,
				D662923D25B8B32C0049DAEE /* BreakoutsView.swift */,
				D6F3F6C925A7ABE4008A42A3 /* PeopleViewController.swift */,
				D6746B14258AAE7800F155AB /* Main.storyboard */,
				D6746B17258AAE9300F155AB /* Assets.xcassets */,
				D6746B19258AAE9300F155AB /* LaunchScreen.storyboard */,
				D6746B1C258AAE9300F155AB /* Info.plist */,
				AE494C8D25BB77C400D92D10 /* GoogleService-Info.plist */,
				D6F3F6A0259FE261008A42A3 /* MyCollectionViewCell.swift */,
				D6F3F6A1259FE261008A42A3 /* MyCollectionViewCell.xib */,
				AE494C9225C2107000D92D10 /* TableViewCell.swift */,
				AE494C9325C2107000D92D10 /* TableViewCell.xib */,
				AE494CC62604F46100D92D10 /* BreakoutSlide.swift */,
				AE494CCB2604F49300D92D10 /* BreakoutSlide.xib */,
				AE494CD0260E31F800D92D10 /* BreakoutSpeakersView.swift */,
			);
			path = KingdomPursuit;
			sourceTree = "<group>";
		};
		D6746B24258AAE9400F155AB /* KingdomPursuitTests */ = {
			isa = PBXGroup;
			children = (
				D6746B25258AAE9400F155AB /* KingdomPursuitTests.swift */,
				D6746B27258AAE9400F155AB /* Info.plist */,
			);
			path = KingdomPursuitTests;
			sourceTree = "<group>";
		};
		D6746B2F258AAE9400F155AB /* KingdomPursuitUITests */ = {
			isa = PBXGroup;
			children = (
				D6746B30258AAE9400F155AB /* KingdomPursuitUITests.swift */,
				D6746B32258AAE9400F155AB /* Info.plist */,
			);
			path = KingdomPursuitUITests;
			sourceTree = "<group>";
		};
/* End PBXGroup section */

/* Begin PBXNativeTarget section */
		D6746B0A258AAE7800F155AB /* KingdomPursuit */ = {
			isa = PBXNativeTarget;
			buildConfigurationList = D6746B35258AAE9400F155AB /* Build configuration list for PBXNativeTarget "KingdomPursuit" */;
			buildPhases = (
				A8F708E1FFC0692E58A3470B /* [CP] Check Pods Manifest.lock */,
				D6746B07258AAE7800F155AB /* Sources */,
				D6746B08258AAE7800F155AB /* Frameworks */,
				D6746B09258AAE7800F155AB /* Resources */,
				99E59DE1E5FBC13EA9EE95C6 /* [CP] Embed Pods Frameworks */,
			);
			buildRules = (
			);
			dependencies = (
			);
			name = KingdomPursuit;
			productName = KingdomPursuit;
			productReference = D6746B0B258AAE7800F155AB /* KingdomPursuit.app */;
			productType = "com.apple.product-type.application";
		};
		D6746B20258AAE9400F155AB /* KingdomPursuitTests */ = {
			isa = PBXNativeTarget;
			buildConfigurationList = D6746B38258AAE9400F155AB /* Build configuration list for PBXNativeTarget "KingdomPursuitTests" */;
			buildPhases = (
				7DAECBC4F34D532D8E44838C /* [CP] Check Pods Manifest.lock */,
				D6746B1D258AAE9400F155AB /* Sources */,
				D6746B1E258AAE9400F155AB /* Frameworks */,
				D6746B1F258AAE9400F155AB /* Resources */,
			);
			buildRules = (
			);
			dependencies = (
				D6746B23258AAE9400F155AB /* PBXTargetDependency */,
			);
			name = KingdomPursuitTests;
			productName = KingdomPursuitTests;
			productReference = D6746B21258AAE9400F155AB /* KingdomPursuitTests.xctest */;
			productType = "com.apple.product-type.bundle.unit-test";
		};
		D6746B2B258AAE9400F155AB /* KingdomPursuitUITests */ = {
			isa = PBXNativeTarget;
			buildConfigurationList = D6746B3B258AAE9400F155AB /* Build configuration list for PBXNativeTarget "KingdomPursuitUITests" */;
			buildPhases = (
				92425AADC1F42890120ABEED /* [CP] Check Pods Manifest.lock */,
				D6746B28258AAE9400F155AB /* Sources */,
				D6746B29258AAE9400F155AB /* Frameworks */,
				D6746B2A258AAE9400F155AB /* Resources */,
				F2D90133022858516CEF507C /* [CP] Embed Pods Frameworks */,
			);
			buildRules = (
			);
			dependencies = (
				D6746B2E258AAE9400F155AB /* PBXTargetDependency */,
			);
			name = KingdomPursuitUITests;
			productName = KingdomPursuitUITests;
			productReference = D6746B2C258AAE9400F155AB /* KingdomPursuitUITests.xctest */;
			productType = "com.apple.product-type.bundle.ui-testing";
		};
/* End PBXNativeTarget section */

/* Begin PBXProject section */
		D6746B03258AAE7700F155AB /* Project object */ = {
			isa = PBXProject;
			attributes = {
				LastSwiftUpdateCheck = 1220;
				LastUpgradeCheck = 1220;
				TargetAttributes = {
					D6746B0A258AAE7800F155AB = {
						CreatedOnToolsVersion = 12.2;
					};
					D6746B20258AAE9400F155AB = {
						CreatedOnToolsVersion = 12.2;
						TestTargetID = D6746B0A258AAE7800F155AB;
					};
					D6746B2B258AAE9400F155AB = {
						CreatedOnToolsVersion = 12.2;
						TestTargetID = D6746B0A258AAE7800F155AB;
					};
				};
			};
			buildConfigurationList = D6746B06258AAE7700F155AB /* Build configuration list for PBXProject "KingdomPursuit" */;
			compatibilityVersion = "Xcode 9.3";
			developmentRegion = en;
			hasScannedForEncodings = 0;
			knownRegions = (
				en,
				Base,
			);
			mainGroup = D6746B02258AAE7700F155AB;
			productRefGroup = D6746B0C258AAE7800F155AB /* Products */;
			projectDirPath = "";
			projectRoot = "";
			targets = (
				D6746B0A258AAE7800F155AB /* KingdomPursuit */,
				D6746B20258AAE9400F155AB /* KingdomPursuitTests */,
				D6746B2B258AAE9400F155AB /* KingdomPursuitUITests */,
			);
		};
/* End PBXProject section */

/* Begin PBXResourcesBuildPhase section */
		D6746B09258AAE7800F155AB /* Resources */ = {
			isa = PBXResourcesBuildPhase;
			buildActionMask = 2147483647;
			files = (
				AE494CCC2604F49300D92D10 /* BreakoutSlide.xib in Resources */,
				AE494CAD25F0347F00D92D10 /* ScheduleSlide.xib in Resources */,
				D6F3F6A3259FE261008A42A3 /* MyCollectionViewCell.xib in Resources */,
				AE494C9525C2107000D92D10 /* TableViewCell.xib in Resources */,
				D6746B1B258AAE9300F155AB /* LaunchScreen.storyboard in Resources */,
				AE494C8E25BB77C400D92D10 /* GoogleService-Info.plist in Resources */,
				D6746B18258AAE9300F155AB /* Assets.xcassets in Resources */,
				D6746B16258AAE7800F155AB /* Main.storyboard in Resources */,
			);
			runOnlyForDeploymentPostprocessing = 0;
		};
		D6746B1F258AAE9400F155AB /* Resources */ = {
			isa = PBXResourcesBuildPhase;
			buildActionMask = 2147483647;
			files = (
			);
			runOnlyForDeploymentPostprocessing = 0;
		};
		D6746B2A258AAE9400F155AB /* Resources */ = {
			isa = PBXResourcesBuildPhase;
			buildActionMask = 2147483647;
			files = (
			);
			runOnlyForDeploymentPostprocessing = 0;
		};
/* End PBXResourcesBuildPhase section */

/* Begin PBXShellScriptBuildPhase section */
		7DAECBC4F34D532D8E44838C /* [CP] Check Pods Manifest.lock */ = {
			isa = PBXShellScriptBuildPhase;
			buildActionMask = 2147483647;
			files = (
			);
			inputFileListPaths = (
			);
			inputPaths = (
				"${PODS_PODFILE_DIR_PATH}/Podfile.lock",
				"${PODS_ROOT}/Manifest.lock",
			);
			name = "[CP] Check Pods Manifest.lock";
			outputFileListPaths = (
			);
			outputPaths = (
				"$(DERIVED_FILE_DIR)/Pods-KingdomPursuitTests-checkManifestLockResult.txt",
			);
			runOnlyForDeploymentPostprocessing = 0;
			shellPath = /bin/sh;
			shellScript = "diff \"${PODS_PODFILE_DIR_PATH}/Podfile.lock\" \"${PODS_ROOT}/Manifest.lock\" > /dev/null\nif [ $? != 0 ] ; then\n    # print error to STDERR\n    echo \"error: The sandbox is not in sync with the Podfile.lock. Run 'pod install' or update your CocoaPods installation.\" >&2\n    exit 1\nfi\n# This output is used by Xcode 'outputs' to avoid re-running this script phase.\necho \"SUCCESS\" > \"${SCRIPT_OUTPUT_FILE_0}\"\n";
			showEnvVarsInLog = 0;
		};
		92425AADC1F42890120ABEED /* [CP] Check Pods Manifest.lock */ = {
			isa = PBXShellScriptBuildPhase;
			buildActionMask = 2147483647;
			files = (
			);
			inputFileListPaths = (
			);
			inputPaths = (
				"${PODS_PODFILE_DIR_PATH}/Podfile.lock",
				"${PODS_ROOT}/Manifest.lock",
			);
			name = "[CP] Check Pods Manifest.lock";
			outputFileListPaths = (
			);
			outputPaths = (
				"$(DERIVED_FILE_DIR)/Pods-KingdomPursuit-KingdomPursuitUITests-checkManifestLockResult.txt",
			);
			runOnlyForDeploymentPostprocessing = 0;
			shellPath = /bin/sh;
			shellScript = "diff \"${PODS_PODFILE_DIR_PATH}/Podfile.lock\" \"${PODS_ROOT}/Manifest.lock\" > /dev/null\nif [ $? != 0 ] ; then\n    # print error to STDERR\n    echo \"error: The sandbox is not in sync with the Podfile.lock. Run 'pod install' or update your CocoaPods installation.\" >&2\n    exit 1\nfi\n# This output is used by Xcode 'outputs' to avoid re-running this script phase.\necho \"SUCCESS\" > \"${SCRIPT_OUTPUT_FILE_0}\"\n";
			showEnvVarsInLog = 0;
		};
		99E59DE1E5FBC13EA9EE95C6 /* [CP] Embed Pods Frameworks */ = {
			isa = PBXShellScriptBuildPhase;
			buildActionMask = 2147483647;
			files = (
			);
			inputFileListPaths = (
				"${PODS_ROOT}/Target Support Files/Pods-KingdomPursuit/Pods-KingdomPursuit-frameworks-${CONFIGURATION}-input-files.xcfilelist",
			);
			name = "[CP] Embed Pods Frameworks";
			outputFileListPaths = (
				"${PODS_ROOT}/Target Support Files/Pods-KingdomPursuit/Pods-KingdomPursuit-frameworks-${CONFIGURATION}-output-files.xcfilelist",
			);
			runOnlyForDeploymentPostprocessing = 0;
			shellPath = /bin/sh;
			shellScript = "\"${PODS_ROOT}/Target Support Files/Pods-KingdomPursuit/Pods-KingdomPursuit-frameworks.sh\"\n";
			showEnvVarsInLog = 0;
		};
		A8F708E1FFC0692E58A3470B /* [CP] Check Pods Manifest.lock */ = {
			isa = PBXShellScriptBuildPhase;
			buildActionMask = 2147483647;
			files = (
			);
			inputFileListPaths = (
			);
			inputPaths = (
				"${PODS_PODFILE_DIR_PATH}/Podfile.lock",
				"${PODS_ROOT}/Manifest.lock",
			);
			name = "[CP] Check Pods Manifest.lock";
			outputFileListPaths = (
			);
			outputPaths = (
				"$(DERIVED_FILE_DIR)/Pods-KingdomPursuit-checkManifestLockResult.txt",
			);
			runOnlyForDeploymentPostprocessing = 0;
			shellPath = /bin/sh;
			shellScript = "diff \"${PODS_PODFILE_DIR_PATH}/Podfile.lock\" \"${PODS_ROOT}/Manifest.lock\" > /dev/null\nif [ $? != 0 ] ; then\n    # print error to STDERR\n    echo \"error: The sandbox is not in sync with the Podfile.lock. Run 'pod install' or update your CocoaPods installation.\" >&2\n    exit 1\nfi\n# This output is used by Xcode 'outputs' to avoid re-running this script phase.\necho \"SUCCESS\" > \"${SCRIPT_OUTPUT_FILE_0}\"\n";
			showEnvVarsInLog = 0;
		};
		F2D90133022858516CEF507C /* [CP] Embed Pods Frameworks */ = {
			isa = PBXShellScriptBuildPhase;
			buildActionMask = 2147483647;
			files = (
			);
			inputFileListPaths = (
				"${PODS_ROOT}/Target Support Files/Pods-KingdomPursuit-KingdomPursuitUITests/Pods-KingdomPursuit-KingdomPursuitUITests-frameworks-${CONFIGURATION}-input-files.xcfilelist",
			);
			name = "[CP] Embed Pods Frameworks";
			outputFileListPaths = (
				"${PODS_ROOT}/Target Support Files/Pods-KingdomPursuit-KingdomPursuitUITests/Pods-KingdomPursuit-KingdomPursuitUITests-frameworks-${CONFIGURATION}-output-files.xcfilelist",
			);
			runOnlyForDeploymentPostprocessing = 0;
			shellPath = /bin/sh;
			shellScript = "\"${PODS_ROOT}/Target Support Files/Pods-KingdomPursuit-KingdomPursuitUITests/Pods-KingdomPursuit-KingdomPursuitUITests-frameworks.sh\"\n";
			showEnvVarsInLog = 0;
		};
/* End PBXShellScriptBuildPhase section */

/* Begin PBXSourcesBuildPhase section */
		D6746B07258AAE7800F155AB /* Sources */ = {
			isa = PBXSourcesBuildPhase;
			buildActionMask = 2147483647;
			files = (
				AE494CA825F0331700D92D10 /* ScheduleSlide.swift in Sources */,
				D6F3F6CA25A7ABE4008A42A3 /* PeopleViewController.swift in Sources */,
				D6746B13258AAE7800F155AB /* ViewController.swift in Sources */,
				AE494CD1260E31F900D92D10 /* BreakoutSpeakersView.swift in Sources */,
				AE494CC72604F46300D92D10 /* BreakoutSlide.swift in Sources */,
				D6746B0F258AAE7800F155AB /* AppDelegate.swift in Sources */,
				D662923E25B8B32C0049DAEE /* BreakoutsView.swift in Sources */,
				D662922625B8AB880049DAEE /* ScheduleView.swift in Sources */,
				D662922125B8AB170049DAEE /* HomeView.swift in Sources */,
				AE494C9425C2107000D92D10 /* TableViewCell.swift in Sources */,
				D662923925B8B29A0049DAEE /* WorshipView.swift in Sources */,
				D6F3F6A2259FE261008A42A3 /* MyCollectionViewCell.swift in Sources */,
				D662923125B8B1130049DAEE /* SpeakersView.swift in Sources */,
				D6746B11258AAE7800F155AB /* SceneDelegate.swift in Sources */,
			);
			runOnlyForDeploymentPostprocessing = 0;
		};
		D6746B1D258AAE9400F155AB /* Sources */ = {
			isa = PBXSourcesBuildPhase;
			buildActionMask = 2147483647;
			files = (
				D6746B26258AAE9400F155AB /* KingdomPursuitTests.swift in Sources */,
			);
			runOnlyForDeploymentPostprocessing = 0;
		};
		D6746B28258AAE9400F155AB /* Sources */ = {
			isa = PBXSourcesBuildPhase;
			buildActionMask = 2147483647;
			files = (
				D6746B31258AAE9400F155AB /* KingdomPursuitUITests.swift in Sources */,
			);
			runOnlyForDeploymentPostprocessing = 0;
		};
/* End PBXSourcesBuildPhase section */

/* Begin PBXTargetDependency section */
		D6746B23258AAE9400F155AB /* PBXTargetDependency */ = {
			isa = PBXTargetDependency;
			target = D6746B0A258AAE7800F155AB /* KingdomPursuit */;
			targetProxy = D6746B22258AAE9400F155AB /* PBXContainerItemProxy */;
		};
		D6746B2E258AAE9400F155AB /* PBXTargetDependency */ = {
			isa = PBXTargetDependency;
			target = D6746B0A258AAE7800F155AB /* KingdomPursuit */;
			targetProxy = D6746B2D258AAE9400F155AB /* PBXContainerItemProxy */;
		};
/* End PBXTargetDependency section */

/* Begin PBXVariantGroup section */
		D6746B14258AAE7800F155AB /* Main.storyboard */ = {
			isa = PBXVariantGroup;
			children = (
				D6746B15258AAE7800F155AB /* Base */,
			);
			name = Main.storyboard;
			sourceTree = "<group>";
		};
		D6746B19258AAE9300F155AB /* LaunchScreen.storyboard */ = {
			isa = PBXVariantGroup;
			children = (
				D6746B1A258AAE9300F155AB /* Base */,
			);
			name = LaunchScreen.storyboard;
			sourceTree = "<group>";
		};
/* End PBXVariantGroup section */

/* Begin XCBuildConfiguration section */
		D6746B33258AAE9400F155AB /* Debug */ = {
			isa = XCBuildConfiguration;
			buildSettings = {
				ALWAYS_SEARCH_USER_PATHS = NO;
				CLANG_ANALYZER_NONNULL = YES;
				CLANG_ANALYZER_NUMBER_OBJECT_CONVERSION = YES_AGGRESSIVE;
				CLANG_CXX_LANGUAGE_STANDARD = "gnu++14";
				CLANG_CXX_LIBRARY = "libc++";
				CLANG_ENABLE_MODULES = YES;
				CLANG_ENABLE_OBJC_ARC = YES;
				CLANG_ENABLE_OBJC_WEAK = YES;
				CLANG_WARN_BLOCK_CAPTURE_AUTORELEASING = YES;
				CLANG_WARN_BOOL_CONVERSION = YES;
				CLANG_WARN_COMMA = YES;
				CLANG_WARN_CONSTANT_CONVERSION = YES;
				CLANG_WARN_DEPRECATED_OBJC_IMPLEMENTATIONS = YES;
				CLANG_WARN_DIRECT_OBJC_ISA_USAGE = YES_ERROR;
				CLANG_WARN_DOCUMENTATION_COMMENTS = YES;
				CLANG_WARN_EMPTY_BODY = YES;
				CLANG_WARN_ENUM_CONVERSION = YES;
				CLANG_WARN_INFINITE_RECURSION = YES;
				CLANG_WARN_INT_CONVERSION = YES;
				CLANG_WARN_NON_LITERAL_NULL_CONVERSION = YES;
				CLANG_WARN_OBJC_IMPLICIT_RETAIN_SELF = YES;
				CLANG_WARN_OBJC_LITERAL_CONVERSION = YES;
				CLANG_WARN_OBJC_ROOT_CLASS = YES_ERROR;
				CLANG_WARN_QUOTED_INCLUDE_IN_FRAMEWORK_HEADER = YES;
				CLANG_WARN_RANGE_LOOP_ANALYSIS = YES;
				CLANG_WARN_STRICT_PROTOTYPES = YES;
				CLANG_WARN_SUSPICIOUS_MOVE = YES;
				CLANG_WARN_UNGUARDED_AVAILABILITY = YES_AGGRESSIVE;
				CLANG_WARN_UNREACHABLE_CODE = YES;
				CLANG_WARN__DUPLICATE_METHOD_MATCH = YES;
				COPY_PHASE_STRIP = NO;
				DEBUG_INFORMATION_FORMAT = dwarf;
				ENABLE_STRICT_OBJC_MSGSEND = YES;
				ENABLE_TESTABILITY = YES;
				GCC_C_LANGUAGE_STANDARD = gnu11;
				GCC_DYNAMIC_NO_PIC = NO;
				GCC_NO_COMMON_BLOCKS = YES;
				GCC_OPTIMIZATION_LEVEL = 0;
				GCC_PREPROCESSOR_DEFINITIONS = (
					"DEBUG=1",
					"$(inherited)",
				);
				GCC_WARN_64_TO_32_BIT_CONVERSION = YES;
				GCC_WARN_ABOUT_RETURN_TYPE = YES_ERROR;
				GCC_WARN_UNDECLARED_SELECTOR = YES;
				GCC_WARN_UNINITIALIZED_AUTOS = YES_AGGRESSIVE;
				GCC_WARN_UNUSED_FUNCTION = YES;
				GCC_WARN_UNUSED_VARIABLE = YES;
				IPHONEOS_DEPLOYMENT_TARGET = 14.2;
				MTL_ENABLE_DEBUG_INFO = INCLUDE_SOURCE;
				MTL_FAST_MATH = YES;
				ONLY_ACTIVE_ARCH = YES;
				SDKROOT = iphoneos;
				SWIFT_ACTIVE_COMPILATION_CONDITIONS = DEBUG;
				SWIFT_OPTIMIZATION_LEVEL = "-Onone";
			};
			name = Debug;
		};
		D6746B34258AAE9400F155AB /* Release */ = {
			isa = XCBuildConfiguration;
			buildSettings = {
				ALWAYS_SEARCH_USER_PATHS = NO;
				CLANG_ANALYZER_NONNULL = YES;
				CLANG_ANALYZER_NUMBER_OBJECT_CONVERSION = YES_AGGRESSIVE;
				CLANG_CXX_LANGUAGE_STANDARD = "gnu++14";
				CLANG_CXX_LIBRARY = "libc++";
				CLANG_ENABLE_MODULES = YES;
				CLANG_ENABLE_OBJC_ARC = YES;
				CLANG_ENABLE_OBJC_WEAK = YES;
				CLANG_WARN_BLOCK_CAPTURE_AUTORELEASING = YES;
				CLANG_WARN_BOOL_CONVERSION = YES;
				CLANG_WARN_COMMA = YES;
				CLANG_WARN_CONSTANT_CONVERSION = YES;
				CLANG_WARN_DEPRECATED_OBJC_IMPLEMENTATIONS = YES;
				CLANG_WARN_DIRECT_OBJC_ISA_USAGE = YES_ERROR;
				CLANG_WARN_DOCUMENTATION_COMMENTS = YES;
				CLANG_WARN_EMPTY_BODY = YES;
				CLANG_WARN_ENUM_CONVERSION = YES;
				CLANG_WARN_INFINITE_RECURSION = YES;
				CLANG_WARN_INT_CONVERSION = YES;
				CLANG_WARN_NON_LITERAL_NULL_CONVERSION = YES;
				CLANG_WARN_OBJC_IMPLICIT_RETAIN_SELF = YES;
				CLANG_WARN_OBJC_LITERAL_CONVERSION = YES;
				CLANG_WARN_OBJC_ROOT_CLASS = YES_ERROR;
				CLANG_WARN_QUOTED_INCLUDE_IN_FRAMEWORK_HEADER = YES;
				CLANG_WARN_RANGE_LOOP_ANALYSIS = YES;
				CLANG_WARN_STRICT_PROTOTYPES = YES;
				CLANG_WARN_SUSPICIOUS_MOVE = YES;
				CLANG_WARN_UNGUARDED_AVAILABILITY = YES_AGGRESSIVE;
				CLANG_WARN_UNREACHABLE_CODE = YES;
				CLANG_WARN__DUPLICATE_METHOD_MATCH = YES;
				COPY_PHASE_STRIP = NO;
				DEBUG_INFORMATION_FORMAT = "dwarf-with-dsym";
				ENABLE_NS_ASSERTIONS = NO;
				ENABLE_STRICT_OBJC_MSGSEND = YES;
				GCC_C_LANGUAGE_STANDARD = gnu11;
				GCC_NO_COMMON_BLOCKS = YES;
				GCC_WARN_64_TO_32_BIT_CONVERSION = YES;
				GCC_WARN_ABOUT_RETURN_TYPE = YES_ERROR;
				GCC_WARN_UNDECLARED_SELECTOR = YES;
				GCC_WARN_UNINITIALIZED_AUTOS = YES_AGGRESSIVE;
				GCC_WARN_UNUSED_FUNCTION = YES;
				GCC_WARN_UNUSED_VARIABLE = YES;
				IPHONEOS_DEPLOYMENT_TARGET = 14.2;
				MTL_ENABLE_DEBUG_INFO = NO;
				MTL_FAST_MATH = YES;
				SDKROOT = iphoneos;
				SWIFT_COMPILATION_MODE = wholemodule;
				SWIFT_OPTIMIZATION_LEVEL = "-O";
				VALIDATE_PRODUCT = YES;
			};
			name = Release;
		};
		D6746B36258AAE9400F155AB /* Debug */ = {
			isa = XCBuildConfiguration;
			baseConfigurationReference = 4F70C37B3DAF2B0FEC5A20C0 /* Pods-KingdomPursuit.debug.xcconfig */;
			buildSettings = {
				ASSETCATALOG_COMPILER_APPICON_NAME = AppIcon;
				ASSETCATALOG_COMPILER_GLOBAL_ACCENT_COLOR_NAME = AccentColor;
				CODE_SIGN_STYLE = Automatic;
				DEVELOPMENT_TEAM = V322XXV977;
				INFOPLIST_FILE = KingdomPursuit/Info.plist;
				LD_RUNPATH_SEARCH_PATHS = (
					"$(inherited)",
					"@executable_path/Frameworks",
				);
				PRODUCT_BUNDLE_IDENTIFIER = com.vnw.KingdomPursuit;
				PRODUCT_NAME = "$(TARGET_NAME)";
				SWIFT_VERSION = 5.0;
				TARGETED_DEVICE_FAMILY = "1,2";
			};
			name = Debug;
		};
		D6746B37258AAE9400F155AB /* Release */ = {
			isa = XCBuildConfiguration;
			baseConfigurationReference = 2E029C57ED13C1E1D2FB1F5A /* Pods-KingdomPursuit.release.xcconfig */;
			buildSettings = {
				ASSETCATALOG_COMPILER_APPICON_NAME = AppIcon;
				ASSETCATALOG_COMPILER_GLOBAL_ACCENT_COLOR_NAME = AccentColor;
				CODE_SIGN_STYLE = Automatic;
				DEVELOPMENT_TEAM = V322XXV977;
				INFOPLIST_FILE = KingdomPursuit/Info.plist;
				LD_RUNPATH_SEARCH_PATHS = (
					"$(inherited)",
					"@executable_path/Frameworks",
				);
				PRODUCT_BUNDLE_IDENTIFIER = com.vnw.KingdomPursuit;
				PRODUCT_NAME = "$(TARGET_NAME)";
				SWIFT_VERSION = 5.0;
				TARGETED_DEVICE_FAMILY = "1,2";
			};
			name = Release;
		};
		D6746B39258AAE9400F155AB /* Debug */ = {
			isa = XCBuildConfiguration;
			baseConfigurationReference = 199A2A84BE5B2A68B61B67BC /* Pods-KingdomPursuitTests.debug.xcconfig */;
			buildSettings = {
				ALWAYS_EMBED_SWIFT_STANDARD_LIBRARIES = YES;
				BUNDLE_LOADER = "$(TEST_HOST)";
				CODE_SIGN_STYLE = Automatic;
				DEVELOPMENT_TEAM = L72JM4L6RF;
				INFOPLIST_FILE = KingdomPursuitTests/Info.plist;
				IPHONEOS_DEPLOYMENT_TARGET = 14.2;
				LD_RUNPATH_SEARCH_PATHS = (
					"$(inherited)",
					"@executable_path/Frameworks",
					"@loader_path/Frameworks",
				);
				PRODUCT_BUNDLE_IDENTIFIER = VNW.KingdomPursuitTests;
				PRODUCT_NAME = "$(TARGET_NAME)";
				SWIFT_VERSION = 5.0;
				TARGETED_DEVICE_FAMILY = "1,2";
				TEST_HOST = "$(BUILT_PRODUCTS_DIR)/KingdomPursuit.app/KingdomPursuit";
			};
			name = Debug;
		};
		D6746B3A258AAE9400F155AB /* Release */ = {
			isa = XCBuildConfiguration;
			baseConfigurationReference = 0F6A19315B3831F0A94C5238 /* Pods-KingdomPursuitTests.release.xcconfig */;
			buildSettings = {
				ALWAYS_EMBED_SWIFT_STANDARD_LIBRARIES = YES;
				BUNDLE_LOADER = "$(TEST_HOST)";
				CODE_SIGN_STYLE = Automatic;
				DEVELOPMENT_TEAM = L72JM4L6RF;
				INFOPLIST_FILE = KingdomPursuitTests/Info.plist;
				IPHONEOS_DEPLOYMENT_TARGET = 14.2;
				LD_RUNPATH_SEARCH_PATHS = (
					"$(inherited)",
					"@executable_path/Frameworks",
					"@loader_path/Frameworks",
				);
				PRODUCT_BUNDLE_IDENTIFIER = VNW.KingdomPursuitTests;
				PRODUCT_NAME = "$(TARGET_NAME)";
				SWIFT_VERSION = 5.0;
				TARGETED_DEVICE_FAMILY = "1,2";
				TEST_HOST = "$(BUILT_PRODUCTS_DIR)/KingdomPursuit.app/KingdomPursuit";
			};
			name = Release;
		};
		D6746B3C258AAE9400F155AB /* Debug */ = {
			isa = XCBuildConfiguration;
			baseConfigurationReference = 103159B1F4BC1DF5938DA8C7 /* Pods-KingdomPursuit-KingdomPursuitUITests.debug.xcconfig */;
			buildSettings = {
				ALWAYS_EMBED_SWIFT_STANDARD_LIBRARIES = YES;
				CODE_SIGN_STYLE = Automatic;
				DEVELOPMENT_TEAM = L72JM4L6RF;
				INFOPLIST_FILE = KingdomPursuitUITests/Info.plist;
				LD_RUNPATH_SEARCH_PATHS = (
					"$(inherited)",
					"@executable_path/Frameworks",
					"@loader_path/Frameworks",
				);
				PRODUCT_BUNDLE_IDENTIFIER = VNW.KingdomPursuitUITests;
				PRODUCT_NAME = "$(TARGET_NAME)";
				SWIFT_VERSION = 5.0;
				TARGETED_DEVICE_FAMILY = "1,2";
				TEST_TARGET_NAME = KingdomPursuit;
			};
			name = Debug;
		};
		D6746B3D258AAE9400F155AB /* Release */ = {
			isa = XCBuildConfiguration;
			baseConfigurationReference = EB1F9A7AB272FD9CF29DD3AA /* Pods-KingdomPursuit-KingdomPursuitUITests.release.xcconfig */;
			buildSettings = {
				ALWAYS_EMBED_SWIFT_STANDARD_LIBRARIES = YES;
				CODE_SIGN_STYLE = Automatic;
				DEVELOPMENT_TEAM = L72JM4L6RF;
				INFOPLIST_FILE = KingdomPursuitUITests/Info.plist;
				LD_RUNPATH_SEARCH_PATHS = (
					"$(inherited)",
					"@executable_path/Frameworks",
					"@loader_path/Frameworks",
				);
				PRODUCT_BUNDLE_IDENTIFIER = VNW.KingdomPursuitUITests;
				PRODUCT_NAME = "$(TARGET_NAME)";
				SWIFT_VERSION = 5.0;
				TARGETED_DEVICE_FAMILY = "1,2";
				TEST_TARGET_NAME = KingdomPursuit;
			};
			name = Release;
		};
/* End XCBuildConfiguration section */

/* Begin XCConfigurationList section */
		D6746B06258AAE7700F155AB /* Build configuration list for PBXProject "KingdomPursuit" */ = {
			isa = XCConfigurationList;
			buildConfigurations = (
				D6746B33258AAE9400F155AB /* Debug */,
				D6746B34258AAE9400F155AB /* Release */,
			);
			defaultConfigurationIsVisible = 0;
			defaultConfigurationName = Release;
		};
		D6746B35258AAE9400F155AB /* Build configuration list for PBXNativeTarget "KingdomPursuit" */ = {
			isa = XCConfigurationList;
			buildConfigurations = (
				D6746B36258AAE9400F155AB /* Debug */,
				D6746B37258AAE9400F155AB /* Release */,
			);
			defaultConfigurationIsVisible = 0;
			defaultConfigurationName = Release;
		};
		D6746B38258AAE9400F155AB /* Build configuration list for PBXNativeTarget "KingdomPursuitTests" */ = {
			isa = XCConfigurationList;
			buildConfigurations = (
				D6746B39258AAE9400F155AB /* Debug */,
				D6746B3A258AAE9400F155AB /* Release */,
			);
			defaultConfigurationIsVisible = 0;
			defaultConfigurationName = Release;
		};
		D6746B3B258AAE9400F155AB /* Build configuration list for PBXNativeTarget "KingdomPursuitUITests" */ = {
			isa = XCConfigurationList;
			buildConfigurations = (
				D6746B3C258AAE9400F155AB /* Debug */,
				D6746B3D258AAE9400F155AB /* Release */,
			);
			defaultConfigurationIsVisible = 0;
			defaultConfigurationName = Release;
		};
/* End XCConfigurationList section */
	};
	rootObject = D6746B03258AAE7700F155AB /* Project object */;
}
